
Microsoft Visual Studio Solution File, Format Version 12.00
# Visual Studio Version 17
VisualStudioVersion = 17.5.002.0
MinimumVisualStudioVersion = 10.0.40219.1
Project("{9A19103F-16F7-4668-BE54-9A1E7A4F7556}") = "C#", "C#.csproj", "{7DF6BF45-738D-4C59-872D-BEA7A2672301}"
EndProject
Global
	GlobalSection(SolutionConfigurationPlatforms) = preSolution
		Debug|Any CPU = Debug|Any CPU
		Release|Any CPU = Release|Any CPU
	EndGlobalSection
	GlobalSection(ProjectConfigurationPlatforms) = postSolution
		{7DF6BF45-738D-4C59-872D-BEA7A2672301}.Debug|Any CPU.ActiveCfg = Debug|Any CPU
		{7DF6BF45-738D-4C59-872D-BEA7A2672301}.Debug|Any CPU.Build.0 = Debug|Any CPU
		{7DF6BF45-738D-4C59-872D-BEA7A2672301}.Release|Any CPU.ActiveCfg = Release|Any CPU
		{7DF6BF45-738D-4C59-872D-BEA7A2672301}.Release|Any CPU.Build.0 = Release|Any CPU
	EndGlobalSection
	GlobalSection(SolutionProperties) = preSolution
		HideSolutionNode = FALSE
	EndGlobalSection
	GlobalSection(ExtensibilityGlobals) = postSolution
		SolutionGuid = {3E351B87-6CC1-4DEB-AE1D-EC82AC5EBEF8}
	EndGlobalSection
EndGlobal
